
Microsoft Visual Studio Solution File, Format Version 12.00
# Visual Studio 15
VisualStudioVersion = 15.0.28307.1145
MinimumVisualStudioVersion = 10.0.40219.1
Project("{FAE04EC0-301F-11D3-BF4B-00C04F79EFBC}") = "Asteroids", "Asteroids\Asteroids.csproj", "{DF7BB0CD-DE9F-43B2-B159-9C9C4657979C}"
EndProject
Global
	GlobalSection(SolutionConfigurationPlatforms) = preSolution
		Debug|Any CPU = Debug|Any CPU
		Release|Any CPU = Release|Any CPU
	EndGlobalSection
	GlobalSection(ProjectConfigurationPlatforms) = postSolution
		{DF7BB0CD-DE9F-43B2-B159-9C9C4657979C}.Debug|Any CPU.ActiveCfg = Debug|Any CPU
		{DF7BB0CD-DE9F-43B2-B159-9C9C4657979C}.Debug|Any CPU.Build.0 = Debug|Any CPU
		{DF7BB0CD-DE9F-43B2-B159-9C9C4657979C}.Release|Any CPU.ActiveCfg = Release|Any CPU
		{DF7BB0CD-DE9F-43B2-B159-9C9C4657979C}.Release|Any CPU.Build.0 = Release|Any CPU
	EndGlobalSection
	GlobalSection(SolutionProperties) = preSolution
		HideSolutionNode = FALSE
	EndGlobalSection
	GlobalSection(ExtensibilityGlobals) = postSolution
		SolutionGuid = {BB664DA2-BA44-4CA1-9AE9-F69A63D9FB80}
	EndGlobalSection
EndGlobal
